// !$*UTF8*$!
{
	archiveVersion = 1;
	classes = {
	};
	objectVersion = 55;
	objects = {

/* Begin PBXBuildFile section */
		BD09A65F28996A87001ECF78 /* AppDelegate.swift in Sources */ = {isa = PBXBuildFile; fileRef = BD09A65E28996A87001ECF78 /* AppDelegate.swift */; };
		BD09A66128996A87001ECF78 /* SceneDelegate.swift in Sources */ = {isa = PBXBuildFile; fileRef = BD09A66028996A87001ECF78 /* SceneDelegate.swift */; };
		BD09A66628996A87001ECF78 /* Main.storyboard in Resources */ = {isa = PBXBuildFile; fileRef = BD09A66428996A87001ECF78 /* Main.storyboard */; };
		BD09A66928996A87001ECF78 /* toDoList.xcdatamodeld in Sources */ = {isa = PBXBuildFile; fileRef = BD09A66728996A87001ECF78 /* toDoList.xcdatamodeld */; };
		BD09A66B28996A88001ECF78 /* Assets.xcassets in Resources */ = {isa = PBXBuildFile; fileRef = BD09A66A28996A88001ECF78 /* Assets.xcassets */; };
		BD09A66E28996A88001ECF78 /* LaunchScreen.storyboard in Resources */ = {isa = PBXBuildFile; fileRef = BD09A66C28996A88001ECF78 /* LaunchScreen.storyboard */; };
		BD09A67928996A88001ECF78 /* toDoListTests.swift in Sources */ = {isa = PBXBuildFile; fileRef = BD09A67828996A88001ECF78 /* toDoListTests.swift */; };
		BD09A68328996A88001ECF78 /* toDoListUITests.swift in Sources */ = {isa = PBXBuildFile; fileRef = BD09A68228996A88001ECF78 /* toDoListUITests.swift */; };
		BD09A68528996A88001ECF78 /* toDoListUITestsLaunchTests.swift in Sources */ = {isa = PBXBuildFile; fileRef = BD09A68428996A88001ECF78 /* toDoListUITestsLaunchTests.swift */; };
/* End PBXBuildFile section */

/* Begin PBXContainerItemProxy section */
		BD09A67528996A88001ECF78 /* PBXContainerItemProxy */ = {
			isa = PBXContainerItemProxy;
			containerPortal = BD09A65328996A87001ECF78 /* Project object */;
			proxyType = 1;
			remoteGlobalIDString = BD09A65A28996A87001ECF78;
			remoteInfo = toDoList;
		};
		BD09A67F28996A88001ECF78 /* PBXContainerItemProxy */ = {
			isa = PBXContainerItemProxy;
			containerPortal = BD09A65328996A87001ECF78 /* Project object */;
			proxyType = 1;
			remoteGlobalIDString = BD09A65A28996A87001ECF78;
			remoteInfo = toDoList;
		};
/* End PBXContainerItemProxy section */

/* Begin PBXFileReference section */
		BD09A65B28996A87001ECF78 /* toDoList.app */ = {isa = PBXFileReference; explicitFileType = wrapper.application; includeInIndex = 0; path = toDoList.app; sourceTree = BUILT_PRODUCTS_DIR; };
		BD09A65E28996A87001ECF78 /* AppDelegate.swift */ = {isa = PBXFileReference; lastKnownFileType = sourcecode.swift; path = AppDelegate.swift; sourceTree = "<group>"; };
		BD09A66028996A87001ECF78 /* SceneDelegate.swift */ = {isa = PBXFileReference; lastKnownFileType = sourcecode.swift; path = SceneDelegate.swift; sourceTree = "<group>"; };
		BD09A66528996A87001ECF78 /* Base */ = {isa = PBXFileReference; lastKnownFileType = file.storyboard; name = Base; path = Base.lproj/Main.storyboard; sourceTree = "<group>"; };
		BD09A66828996A87001ECF78 /* toDoList.xcdatamodel */ = {isa = PBXFileReference; lastKnownFileType = wrapper.xcdatamodel; path = toDoList.xcdatamodel; sourceTree = "<group>"; };
		BD09A66A28996A88001ECF78 /* Assets.xcassets */ = {isa = PBXFileReference; lastKnownFileType = folder.assetcatalog; path = Assets.xcassets; sourceTree = "<group>"; };
		BD09A66D28996A88001ECF78 /* Base */ = {isa = PBXFileReference; lastKnownFileType = file.storyboard; name = Base; path = Base.lproj/LaunchScreen.storyboard; sourceTree = "<group>"; };
		BD09A66F28996A88001ECF78 /* Info.plist */ = {isa = PBXFileReference; lastKnownFileType = text.plist.xml; path = Info.plist; sourceTree = "<group>"; };
		BD09A67428996A88001ECF78 /* toDoListTests.xctest */ = {isa = PBXFileReference; explicitFileType = wrapper.cfbundle; includeInIndex = 0; path = toDoListTests.xctest; sourceTree = BUILT_PRODUCTS_DIR; };
		BD09A67828996A88001ECF78 /* toDoListTests.swift */ = {isa = PBXFileReference; lastKnownFileType = sourcecode.swift; path = toDoListTests.swift; sourceTree = "<group>"; };
		BD09A67E28996A88001ECF78 /* toDoListUITests.xctest */ = {isa = PBXFileReference; explicitFileType = wrapper.cfbundle; includeInIndex = 0; path = toDoListUITests.xctest; sourceTree = BUILT_PRODUCTS_DIR; };
		BD09A68228996A88001ECF78 /* toDoListUITests.swift */ = {isa = PBXFileReference; lastKnownFileType = sourcecode.swift; path = toDoListUITests.swift; sourceTree = "<group>"; };
		BD09A68428996A88001ECF78 /* toDoListUITestsLaunchTests.swift */ = {isa = PBXFileReference; lastKnownFileType = sourcecode.swift; path = toDoListUITestsLaunchTests.swift; sourceTree = "<group>"; };
/* End PBXFileReference section */

/* Begin PBXFrameworksBuildPhase section */
		BD09A65828996A87001ECF78 /* Frameworks */ = {
			isa = PBXFrameworksBuildPhase;
			buildActionMask = 2147483647;
			files = (
			);
			runOnlyForDeploymentPostprocessing = 0;
		};
		BD09A67128996A88001ECF78 /* Frameworks */ = {
			isa = PBXFrameworksBuildPhase;
			buildActionMask = 2147483647;
			files = (
			);
			runOnlyForDeploymentPostprocessing = 0;
		};
		BD09A67B28996A88001ECF78 /* Frameworks */ = {
			isa = PBXFrameworksBuildPhase;
			buildActionMask = 2147483647;
			files = (
			);
			runOnlyForDeploymentPostprocessing = 0;
		};
/* End PBXFrameworksBuildPhase section */

/* Begin PBXGroup section */
		BD09A65228996A87001ECF78 = {
			isa = PBXGroup;
			children = (
				BD09A65D28996A87001ECF78 /* toDoList */,
				BD09A67728996A88001ECF78 /* toDoListTests */,
				BD09A68128996A88001ECF78 /* toDoListUITests */,
				BD09A65C28996A87001ECF78 /* Products */,
			);
			sourceTree = "<group>";
		};
		BD09A65C28996A87001ECF78 /* Products */ = {
			isa = PBXGroup;
			children = (
				BD09A65B28996A87001ECF78 /* toDoList.app */,
				BD09A67428996A88001ECF78 /* toDoListTests.xctest */,
				BD09A67E28996A88001ECF78 /* toDoListUITests.xctest */,
			);
			name = Products;
			sourceTree = "<group>";
		};
		BD09A65D28996A87001ECF78 /* toDoList */ = {
			isa = PBXGroup;
			children = (
				BD09A65E28996A87001ECF78 /* AppDelegate.swift */,
				BD09A66028996A87001ECF78 /* SceneDelegate.swift */,
				BD09A66428996A87001ECF78 /* Main.storyboard */,
				BD09A66A28996A88001ECF78 /* Assets.xcassets */,
				BD09A66C28996A88001ECF78 /* LaunchScreen.storyboard */,
				BD09A66F28996A88001ECF78 /* Info.plist */,
				BD09A66728996A87001ECF78 /* toDoList.xcdatamodeld */,
			);
			path = toDoList;
			sourceTree = "<group>";
		};
		BD09A67728996A88001ECF78 /* toDoListTests */ = {
			isa = PBXGroup;
			children = (
				BD09A67828996A88001ECF78 /* toDoListTests.swift */,
			);
			path = toDoListTests;
			sourceTree = "<group>";
		};
		BD09A68128996A88001ECF78 /* toDoListUITests */ = {
			isa = PBXGroup;
			children = (
				BD09A68228996A88001ECF78 /* toDoListUITests.swift */,
				BD09A68428996A88001ECF78 /* toDoListUITestsLaunchTests.swift */,
			);
			path = toDoListUITests;
			sourceTree = "<group>";
		};
/* End PBXGroup section */

/* Begin PBXNativeTarget section */
		BD09A65A28996A87001ECF78 /* toDoList */ = {
			isa = PBXNativeTarget;
			buildConfigurationList = BD09A68828996A88001ECF78 /* Build configuration list for PBXNativeTarget "toDoList" */;
			buildPhases = (
				BD09A65728996A87001ECF78 /* Sources */,
				BD09A65828996A87001ECF78 /* Frameworks */,
				BD09A65928996A87001ECF78 /* Resources */,
			);
			buildRules = (
			);
			dependencies = (
			);
			name = toDoList;
			productName = toDoList;
			productReference = BD09A65B28996A87001ECF78 /* toDoList.app */;
			productType = "com.apple.product-type.application";
		};
		BD09A67328996A88001ECF78 /* toDoListTests */ = {
			isa = PBXNativeTarget;
			buildConfigurationList = BD09A68B28996A88001ECF78 /* Build configuration list for PBXNativeTarget "toDoListTests" */;
			buildPhases = (
				BD09A67028996A88001ECF78 /* Sources */,
				BD09A67128996A88001ECF78 /* Frameworks */,
				BD09A67228996A88001ECF78 /* Resources */,
			);
			buildRules = (
			);
			dependencies = (
				BD09A67628996A88001ECF78 /* PBXTargetDependency */,
			);
			name = toDoListTests;
			productName = toDoListTests;
			productReference = BD09A67428996A88001ECF78 /* toDoListTests.xctest */;
			productType = "com.apple.product-type.bundle.unit-test";
		};
		BD09A67D28996A88001ECF78 /* toDoListUITests */ = {
			isa = PBXNativeTarget;
			buildConfigurationList = BD09A68E28996A88001ECF78 /* Build configuration list for PBXNativeTarget "toDoListUITests" */;
			buildPhases = (
				BD09A67A28996A88001ECF78 /* Sources */,
				BD09A67B28996A88001ECF78 /* Frameworks */,
				BD09A67C28996A88001ECF78 /* Resources */,
			);
			buildRules = (
			);
			dependencies = (
				BD09A68028996A88001ECF78 /* PBXTargetDependency */,
			);
			name = toDoListUITests;
			productName = toDoListUITests;
			productReference = BD09A67E28996A88001ECF78 /* toDoListUITests.xctest */;
			productType = "com.apple.product-type.bundle.ui-testing";
		};
/* End PBXNativeTarget section */

/* Begin PBXProject section */
		BD09A65328996A87001ECF78 /* Project object */ = {
			isa = PBXProject;
			attributes = {
				BuildIndependentTargetsInParallel = 1;
				LastSwiftUpdateCheck = 1340;
				LastUpgradeCheck = 1340;
				TargetAttributes = {
					BD09A65A28996A87001ECF78 = {
						CreatedOnToolsVersion = 13.4.1;
					};
					BD09A67328996A88001ECF78 = {
						CreatedOnToolsVersion = 13.4.1;
						TestTargetID = BD09A65A28996A87001ECF78;
					};
					BD09A67D28996A88001ECF78 = {
						CreatedOnToolsVersion = 13.4.1;
						TestTargetID = BD09A65A28996A87001ECF78;
					};
				};
			};
			buildConfigurationList = BD09A65628996A87001ECF78 /* Build configuration list for PBXProject "toDoList" */;
			compatibilityVersion = "Xcode 13.0";
			developmentRegion = en;
			hasScannedForEncodings = 0;
			knownRegions = (
				en,
				Base,
			);
			mainGroup = BD09A65228996A87001ECF78;
			productRefGroup = BD09A65C28996A87001ECF78 /* Products */;
			projectDirPath = "";
			projectRoot = "";
			targets = (
				BD09A65A28996A87001ECF78 /* toDoList */,
				BD09A67328996A88001ECF78 /* toDoListTests */,
				BD09A67D28996A88001ECF78 /* toDoListUITests */,
			);
		};
/* End PBXProject section */

/* Begin PBXResourcesBuildPhase section */
		BD09A65928996A87001ECF78 /* Resources */ = {
			isa = PBXResourcesBuildPhase;
			buildActionMask = 2147483647;
			files = (
				BD09A66E28996A88001ECF78 /* LaunchScreen.storyboard in Resources */,
				BD09A66B28996A88001ECF78 /* Assets.xcassets in Resources */,
				BD09A66628996A87001ECF78 /* Main.storyboard in Resources */,
			);
			runOnlyForDeploymentPostprocessing = 0;
		};
		BD09A67228996A88001ECF78 /* Resources */ = {
			isa = PBXResourcesBuildPhase;
			buildActionMask = 2147483647;
			files = (
			);
			runOnlyForDeploymentPostprocessing = 0;
		};
		BD09A67C28996A88001ECF78 /* Resources */ = {
			isa = PBXResourcesBuildPhase;
			buildActionMask = 2147483647;
			files = (
			);
			runOnlyForDeploymentPostprocessing = 0;
		};
/* End PBXResourcesBuildPhase section */

/* Begin PBXSourcesBuildPhase section */
		BD09A65728996A87001ECF78 /* Sources */ = {
			isa = PBXSourcesBuildPhase;
			buildActionMask = 2147483647;
			files = (
				BD09A65F28996A87001ECF78 /* AppDelegate.swift in Sources */,
				BD09A66128996A87001ECF78 /* SceneDelegate.swift in Sources */,
				BD09A66928996A87001ECF78 /* toDoList.xcdatamodeld in Sources */,
			);
			runOnlyForDeploymentPostprocessing = 0;
		};
		BD09A67028996A88001ECF78 /* Sources */ = {
			isa = PBXSourcesBuildPhase;
			buildActionMask = 2147483647;
			files = (
				BD09A67928996A88001ECF78 /* toDoListTests.swift in Sources */,
			);
			runOnlyForDeploymentPostprocessing = 0;
		};
		BD09A67A28996A88001ECF78 /* Sources */ = {
			isa = PBXSourcesBuildPhase;
			buildActionMask = 2147483647;
			files = (
				BD09A68528996A88001ECF78 /* toDoListUITestsLaunchTests.swift in Sources */,
				BD09A68328996A88001ECF78 /* toDoListUITests.swift in Sources */,
			);
			runOnlyForDeploymentPostprocessing = 0;
		};
/* End PBXSourcesBuildPhase section */

/* Begin PBXTargetDependency section */
		BD09A67628996A88001ECF78 /* PBXTargetDependency */ = {
			isa = PBXTargetDependency;
			target = BD09A65A28996A87001ECF78 /* toDoList */;
			targetProxy = BD09A67528996A88001ECF78 /* PBXContainerItemProxy */;
		};
		BD09A68028996A88001ECF78 /* PBXTargetDependency */ = {
			isa = PBXTargetDependency;
			target = BD09A65A28996A87001ECF78 /* toDoList */;
			targetProxy = BD09A67F28996A88001ECF78 /* PBXContainerItemProxy */;
		};
/* End PBXTargetDependency section */

/* Begin PBXVariantGroup section */
		BD09A66428996A87001ECF78 /* Main.storyboard */ = {
			isa = PBXVariantGroup;
			children = (
				BD09A66528996A87001ECF78 /* Base */,
			);
			name = Main.storyboard;
			sourceTree = "<group>";
		};
		BD09A66C28996A88001ECF78 /* LaunchScreen.storyboard */ = {
			isa = PBXVariantGroup;
			children = (
				BD09A66D28996A88001ECF78 /* Base */,
			);
			name = LaunchScreen.storyboard;
			sourceTree = "<group>";
		};
/* End PBXVariantGroup section */

/* Begin XCBuildConfiguration section */
		BD09A68628996A88001ECF78 /* Debug */ = {
			isa = XCBuildConfiguration;
			buildSettings = {
				ALWAYS_SEARCH_USER_PATHS = NO;
				CLANG_ANALYZER_NONNULL = YES;
				CLANG_ANALYZER_NUMBER_OBJECT_CONVERSION = YES_AGGRESSIVE;
				CLANG_CXX_LANGUAGE_STANDARD = "gnu++17";
				CLANG_ENABLE_MODULES = YES;
				CLANG_ENABLE_OBJC_ARC = YES;
				CLANG_ENABLE_OBJC_WEAK = YES;
				CLANG_WARN_BLOCK_CAPTURE_AUTORELEASING = YES;
				CLANG_WARN_BOOL_CONVERSION = YES;
				CLANG_WARN_COMMA = YES;
				CLANG_WARN_CONSTANT_CONVERSION = YES;
				CLANG_WARN_DEPRECATED_OBJC_IMPLEMENTATIONS = YES;
				CLANG_WARN_DIRECT_OBJC_ISA_USAGE = YES_ERROR;
				CLANG_WARN_DOCUMENTATION_COMMENTS = YES;
				CLANG_WARN_EMPTY_BODY = YES;
				CLANG_WARN_ENUM_CONVERSION = YES;
				CLANG_WARN_INFINITE_RECURSION = YES;
				CLANG_WARN_INT_CONVERSION = YES;
				CLANG_WARN_NON_LITERAL_NULL_CONVERSION = YES;
				CLANG_WARN_OBJC_IMPLICIT_RETAIN_SELF = YES;
				CLANG_WARN_OBJC_LITERAL_CONVERSION = YES;
				CLANG_WARN_OBJC_ROOT_CLASS = YES_ERROR;
				CLANG_WARN_QUOTED_INCLUDE_IN_FRAMEWORK_HEADER = YES;
				CLANG_WARN_RANGE_LOOP_ANALYSIS = YES;
				CLANG_WARN_STRICT_PROTOTYPES = YES;
				CLANG_WARN_SUSPICIOUS_MOVE = YES;
				CLANG_WARN_UNGUARDED_AVAILABILITY = YES_AGGRESSIVE;
				CLANG_WARN_UNREACHABLE_CODE = YES;
				CLANG_WARN__DUPLICATE_METHOD_MATCH = YES;
				COPY_PHASE_STRIP = NO;
				DEBUG_INFORMATION_FORMAT = dwarf;
				ENABLE_STRICT_OBJC_MSGSEND = YES;
				ENABLE_TESTABILITY = YES;
				GCC_C_LANGUAGE_STANDARD = gnu11;
				GCC_DYNAMIC_NO_PIC = NO;
				GCC_NO_COMMON_BLOCKS = YES;
				GCC_OPTIMIZATION_LEVEL = 0;
				GCC_PREPROCESSOR_DEFINITIONS = (
					"DEBUG=1",
					"$(inherited)",
				);
				GCC_WARN_64_TO_32_BIT_CONVERSION = YES;
				GCC_WARN_ABOUT_RETURN_TYPE = YES_ERROR;
				GCC_WARN_UNDECLARED_SELECTOR = YES;
				GCC_WARN_UNINITIALIZED_AUTOS = YES_AGGRESSIVE;
				GCC_WARN_UNUSED_FUNCTION = YES;
				GCC_WARN_UNUSED_VARIABLE = YES;
				IPHONEOS_DEPLOYMENT_TARGET = 15.5;
				MTL_ENABLE_DEBUG_INFO = INCLUDE_SOURCE;
				MTL_FAST_MATH = YES;
				ONLY_ACTIVE_ARCH = YES;
				SDKROOT = iphoneos;
				SWIFT_ACTIVE_COMPILATION_CONDITIONS = DEBUG;
				SWIFT_OPTIMIZATION_LEVEL = "-Onone";
			};
			name = Debug;
		};
		BD09A68728996A88001ECF78 /* Release */ = {
			isa = XCBuildConfiguration;
			buildSettings = {
				ALWAYS_SEARCH_USER_PATHS = NO;
				CLANG_ANALYZER_NONNULL = YES;
				CLANG_ANALYZER_NUMBER_OBJECT_CONVERSION = YES_AGGRESSIVE;
				CLANG_CXX_LANGUAGE_STANDARD = "gnu++17";
				CLANG_ENABLE_MODULES = YES;
				CLANG_ENABLE_OBJC_ARC = YES;
				CLANG_ENABLE_OBJC_WEAK = YES;
				CLANG_WARN_BLOCK_CAPTURE_AUTORELEASING = YES;
				CLANG_WARN_BOOL_CONVERSION = YES;
				CLANG_WARN_COMMA = YES;
				CLANG_WARN_CONSTANT_CONVERSION = YES;
				CLANG_WARN_DEPRECATED_OBJC_IMPLEMENTATIONS = YES;
				CLANG_WARN_DIRECT_OBJC_ISA_USAGE = YES_ERROR;
				CLANG_WARN_DOCUMENTATION_COMMENTS = YES;
				CLANG_WARN_EMPTY_BODY = YES;
				CLANG_WARN_ENUM_CONVERSION = YES;
				CLANG_WARN_INFINITE_RECURSION = YES;
				CLANG_WARN_INT_CONVERSION = YES;
				CLANG_WARN_NON_LITERAL_NULL_CONVERSION = YES;
				CLANG_WARN_OBJC_IMPLICIT_RETAIN_SELF = YES;
				CLANG_WARN_OBJC_LITERAL_CONVERSION = YES;
				CLANG_WARN_OBJC_ROOT_CLASS = YES_ERROR;
				CLANG_WARN_QUOTED_INCLUDE_IN_FRAMEWORK_HEADER = YES;
				CLANG_WARN_RANGE_LOOP_ANALYSIS = YES;
				CLANG_WARN_STRICT_PROTOTYPES = YES;
				CLANG_WARN_SUSPICIOUS_MOVE = YES;
				CLANG_WARN_UNGUARDED_AVAILABILITY = YES_AGGRESSIVE;
				CLANG_WARN_UNREACHABLE_CODE = YES;
				CLANG_WARN__DUPLICATE_METHOD_MATCH = YES;
				COPY_PHASE_STRIP = NO;
				DEBUG_INFORMATION_FORMAT = "dwarf-with-dsym";
				ENABLE_NS_ASSERTIONS = NO;
				ENABLE_STRICT_OBJC_MSGSEND = YES;
				GCC_C_LANGUAGE_STANDARD = gnu11;
				GCC_NO_COMMON_BLOCKS = YES;
				GCC_WARN_64_TO_32_BIT_CONVERSION = YES;
				GCC_WARN_ABOUT_RETURN_TYPE = YES_ERROR;
				GCC_WARN_UNDECLARED_SELECTOR = YES;
				GCC_WARN_UNINITIALIZED_AUTOS = YES_AGGRESSIVE;
				GCC_WARN_UNUSED_FUNCTION = YES;
				GCC_WARN_UNUSED_VARIABLE = YES;
				IPHONEOS_DEPLOYMENT_TARGET = 15.5;
				MTL_ENABLE_DEBUG_INFO = NO;
				MTL_FAST_MATH = YES;
				SDKROOT = iphoneos;
				SWIFT_COMPILATION_MODE = wholemodule;
				SWIFT_OPTIMIZATION_LEVEL = "-O";
				VALIDATE_PRODUCT = YES;
			};
			name = Release;
		};
		BD09A68928996A88001ECF78 /* Debug */ = {
			isa = XCBuildConfiguration;
			buildSettings = {
				ASSETCATALOG_COMPILER_APPICON_NAME = AppIcon;
				ASSETCATALOG_COMPILER_GLOBAL_ACCENT_COLOR_NAME = AccentColor;
				CODE_SIGN_STYLE = Automatic;
				CURRENT_PROJECT_VERSION = 1;
				GENERATE_INFOPLIST_FILE = YES;
				INFOPLIST_FILE = toDoList/Info.plist;
				INFOPLIST_KEY_UIApplicationSupportsIndirectInputEvents = YES;
				INFOPLIST_KEY_UILaunchStoryboardName = LaunchScreen;
				INFOPLIST_KEY_UIMainStoryboardFile = Main;
				INFOPLIST_KEY_UISupportedInterfaceOrientations_iPad = "UIInterfaceOrientationPortrait UIInterfaceOrientationPortraitUpsideDown UIInterfaceOrientationLandscapeLeft UIInterfaceOrientationLandscapeRight";
				INFOPLIST_KEY_UISupportedInterfaceOrientations_iPhone = "UIInterfaceOrientationPortrait UIInterfaceOrientationLandscapeLeft UIInterfaceOrientationLandscapeRight";
				LD_RUNPATH_SEARCH_PATHS = (
					"$(inherited)",
					"@executable_path/Frameworks",
				);
				MARKETING_VERSION = 1.0;
				PRODUCT_BUNDLE_IDENTIFIER = KWK.toDoList;
				PRODUCT_NAME = "$(TARGET_NAME)";
				SWIFT_EMIT_LOC_STRINGS = YES;
				SWIFT_VERSION = 5.0;
				TARGETED_DEVICE_FAMILY = "1,2";
			};
			name = Debug;
		};
		BD09A68A28996A88001ECF78 /* Release */ = {
			isa = XCBuildConfiguration;
			buildSettings = {
				ASSETCATALOG_COMPILER_APPICON_NAME = AppIcon;
				ASSETCATALOG_COMPILER_GLOBAL_ACCENT_COLOR_NAME = AccentColor;
				CODE_SIGN_STYLE = Automatic;
				CURRENT_PROJECT_VERSION = 1;
				GENERATE_INFOPLIST_FILE = YES;
				INFOPLIST_FILE = toDoList/Info.plist;
				INFOPLIST_KEY_UIApplicationSupportsIndirectInputEvents = YES;
				INFOPLIST_KEY_UILaunchStoryboardName = LaunchScreen;
				INFOPLIST_KEY_UIMainStoryboardFile = Main;
				INFOPLIST_KEY_UISupportedInterfaceOrientations_iPad = "UIInterfaceOrientationPortrait UIInterfaceOrientationPortraitUpsideDown UIInterfaceOrientationLandscapeLeft UIInterfaceOrientationLandscapeRight";
				INFOPLIST_KEY_UISupportedInterfaceOrientations_iPhone = "UIInterfaceOrientationPortrait UIInterfaceOrientationLandscapeLeft UIInterfaceOrientationLandscapeRight";
				LD_RUNPATH_SEARCH_PATHS = (
					"$(inherited)",
					"@executable_path/Frameworks",
				);
				MARKETING_VERSION = 1.0;
				PRODUCT_BUNDLE_IDENTIFIER = KWK.toDoList;
				PRODUCT_NAME = "$(TARGET_NAME)";
				SWIFT_EMIT_LOC_STRINGS = YES;
				SWIFT_VERSION = 5.0;
				TARGETED_DEVICE_FAMILY = "1,2";
			};
			name = Release;
		};
		BD09A68C28996A88001ECF78 /* Debug */ = {
			isa = XCBuildConfiguration;
			buildSettings = {
				ALWAYS_EMBED_SWIFT_STANDARD_LIBRARIES = YES;
				BUNDLE_LOADER = "$(TEST_HOST)";
				CODE_SIGN_STYLE = Automatic;
				CURRENT_PROJECT_VERSION = 1;
				GENERATE_INFOPLIST_FILE = YES;
				IPHONEOS_DEPLOYMENT_TARGET = 15.5;
				MARKETING_VERSION = 1.0;
				PRODUCT_BUNDLE_IDENTIFIER = KWK.toDoListTests;
				PRODUCT_NAME = "$(TARGET_NAME)";
				SWIFT_EMIT_LOC_STRINGS = NO;
				SWIFT_VERSION = 5.0;
				TARGETED_DEVICE_FAMILY = "1,2";
				TEST_HOST = "$(BUILT_PRODUCTS_DIR)/toDoList.app/toDoList";
			};
			name = Debug;
		};
		BD09A68D28996A88001ECF78 /* Release */ = {
			isa = XCBuildConfiguration;
			buildSettings = {
				ALWAYS_EMBED_SWIFT_STANDARD_LIBRARIES = YES;
				BUNDLE_LOADER = "$(TEST_HOST)";
				CODE_SIGN_STYLE = Automatic;
				CURRENT_PROJECT_VERSION = 1;
				GENERATE_INFOPLIST_FILE = YES;
				IPHONEOS_DEPLOYMENT_TARGET = 15.5;
				MARKETING_VERSION = 1.0;
				PRODUCT_BUNDLE_IDENTIFIER = KWK.toDoListTests;
				PRODUCT_NAME = "$(TARGET_NAME)";
				SWIFT_EMIT_LOC_STRINGS = NO;
				SWIFT_VERSION = 5.0;
				TARGETED_DEVICE_FAMILY = "1,2";
				TEST_HOST = "$(BUILT_PRODUCTS_DIR)/toDoList.app/toDoList";
			};
			name = Release;
		};
		BD09A68F28996A88001ECF78 /* Debug */ = {
			isa = XCBuildConfiguration;
			buildSettings = {
				ALWAYS_EMBED_SWIFT_STANDARD_LIBRARIES = YES;
				CODE_SIGN_STYLE = Automatic;
				CURRENT_PROJECT_VERSION = 1;
				GENERATE_INFOPLIST_FILE = YES;
				MARKETING_VERSION = 1.0;
				PRODUCT_BUNDLE_IDENTIFIER = KWK.toDoListUITests;
				PRODUCT_NAME = "$(TARGET_NAME)";
				SWIFT_EMIT_LOC_STRINGS = NO;
				SWIFT_VERSION = 5.0;
				TARGETED_DEVICE_FAMILY = "1,2";
				TEST_TARGET_NAME = toDoList;
			};
			name = Debug;
		};
		BD09A69028996A88001ECF78 /* Release */ = {
			isa = XCBuildConfiguration;
			buildSettings = {
				ALWAYS_EMBED_SWIFT_STANDARD_LIBRARIES = YES;
				CODE_SIGN_STYLE = Automatic;
				CURRENT_PROJECT_VERSION = 1;
				GENERATE_INFOPLIST_FILE = YES;
				MARKETING_VERSION = 1.0;
				PRODUCT_BUNDLE_IDENTIFIER = KWK.toDoListUITests;
				PRODUCT_NAME = "$(TARGET_NAME)";
				SWIFT_EMIT_LOC_STRINGS = NO;
				SWIFT_VERSION = 5.0;
				TARGETED_DEVICE_FAMILY = "1,2";
				TEST_TARGET_NAME = toDoList;
			};
			name = Release;
		};
/* End XCBuildConfiguration section */

/* Begin XCConfigurationList section */
		BD09A65628996A87001ECF78 /* Build configuration list for PBXProject "toDoList" */ = {
			isa = XCConfigurationList;
			buildConfigurations = (
				BD09A68628996A88001ECF78 /* Debug */,
				BD09A68728996A88001ECF78 /* Release */,
			);
			defaultConfigurationIsVisible = 0;
			defaultConfigurationName = Release;
		};
		BD09A68828996A88001ECF78 /* Build configuration list for PBXNativeTarget "toDoList" */ = {
			isa = XCConfigurationList;
			buildConfigurations = (
				BD09A68928996A88001ECF78 /* Debug */,
				BD09A68A28996A88001ECF78 /* Release */,
			);
			defaultConfigurationIsVisible = 0;
			defaultConfigurationName = Release;
		};
		BD09A68B28996A88001ECF78 /* Build configuration list for PBXNativeTarget "toDoListTests" */ = {
			isa = XCConfigurationList;
			buildConfigurations = (
				BD09A68C28996A88001ECF78 /* Debug */,
				BD09A68D28996A88001ECF78 /* Release */,
			);
			defaultConfigurationIsVisible = 0;
			defaultConfigurationName = Release;
		};
		BD09A68E28996A88001ECF78 /* Build configuration list for PBXNativeTarget "toDoListUITests" */ = {
			isa = XCConfigurationList;
			buildConfigurations = (
				BD09A68F28996A88001ECF78 /* Debug */,
				BD09A69028996A88001ECF78 /* Release */,
			);
			defaultConfigurationIsVisible = 0;
			defaultConfigurationName = Release;
		};
/* End XCConfigurationList section */

/* Begin XCVersionGroup section */
		BD09A66728996A87001ECF78 /* toDoList.xcdatamodeld */ = {
			isa = XCVersionGroup;
			children = (
				BD09A66828996A87001ECF78 /* toDoList.xcdatamodel */,
			);
			currentVersion = BD09A66828996A87001ECF78 /* toDoList.xcdatamodel */;
			path = toDoList.xcdatamodeld;
			sourceTree = "<group>";
			versionGroupType = wrapper.xcdatamodel;
		};
/* End XCVersionGroup section */
	};
	rootObject = BD09A65328996A87001ECF78 /* Project object */;
}
